
Microsoft Visual Studio Solution File, Format Version 12.00
# Visual Studio 15
VisualStudioVersion = 15.0.26730.16
MinimumVisualStudioVersion = 10.0.40219.1
Project("{FAE04EC0-301F-11D3-BF4B-00C04F79EFBC}") = "Expendido", "Expendido\Expendido.csproj", "{989A3657-9159-4FF1-89C9-BB677AC4DB01}"
EndProject
Global
	GlobalSection(SolutionConfigurationPlatforms) = preSolution
		Debug|Any CPU = Debug|Any CPU
		Release|Any CPU = Release|Any CPU
	EndGlobalSection
	GlobalSection(ProjectConfigurationPlatforms) = postSolution
		{989A3657-9159-4FF1-89C9-BB677AC4DB01}.Debug|Any CPU.ActiveCfg = Debug|Any CPU
		{989A3657-9159-4FF1-89C9-BB677AC4DB01}.Debug|Any CPU.Build.0 = Debug|Any CPU
		{989A3657-9159-4FF1-89C9-BB677AC4DB01}.Release|Any CPU.ActiveCfg = Release|Any CPU
		{989A3657-9159-4FF1-89C9-BB677AC4DB01}.Release|Any CPU.Build.0 = Release|Any CPU
	EndGlobalSection
	GlobalSection(SolutionProperties) = preSolution
		HideSolutionNode = FALSE
	EndGlobalSection
	GlobalSection(ExtensibilityGlobals) = postSolution
		SolutionGuid = {4F78C9D4-BFE6-4355-AAAE-9A8FCFB5F613}
	EndGlobalSection
EndGlobal
